
Microsoft Visual Studio Solution File, Format Version 12.00
# Visual Studio Version 17
VisualStudioVersion = 17.5.002.0
MinimumVisualStudioVersion = 10.0.40219.1
Project("{FAE04EC0-301F-11D3-BF4B-00C04F79EFBC}") = "Nabster.Domain", "Nabster.Domain\Nabster.Domain.csproj", "{D924B73D-3D4C-4FEE-8435-025D89237F3D}"
EndProject
Project("{FAE04EC0-301F-11D3-BF4B-00C04F79EFBC}") = "Nabster.Cli", "Nabster.Cli\Nabster.Cli.csproj", "{A94228D8-2BD0-4F2D-B5F2-BF91D993DE42}"
EndProject
Project("{FAE04EC0-301F-11D3-BF4B-00C04F79EFBC}") = "Nabster.Functions", "Nabster.Functions\Nabster.Functions.csproj", "{B465C956-6676-4CA6-836A-CE599D16F562}"
EndProject
Global
	GlobalSection(SolutionConfigurationPlatforms) = preSolution
		Debug|Any CPU = Debug|Any CPU
		Release|Any CPU = Release|Any CPU
	EndGlobalSection
	GlobalSection(ProjectConfigurationPlatforms) = postSolution
		{D924B73D-3D4C-4FEE-8435-025D89237F3D}.Debug|Any CPU.ActiveCfg = Debug|Any CPU
		{D924B73D-3D4C-4FEE-8435-025D89237F3D}.Debug|Any CPU.Build.0 = Debug|Any CPU
		{D924B73D-3D4C-4FEE-8435-025D89237F3D}.Release|Any CPU.ActiveCfg = Release|Any CPU
		{D924B73D-3D4C-4FEE-8435-025D89237F3D}.Release|Any CPU.Build.0 = Release|Any CPU
		{A94228D8-2BD0-4F2D-B5F2-BF91D993DE42}.Debug|Any CPU.ActiveCfg = Debug|Any CPU
		{A94228D8-2BD0-4F2D-B5F2-BF91D993DE42}.Debug|Any CPU.Build.0 = Debug|Any CPU
		{A94228D8-2BD0-4F2D-B5F2-BF91D993DE42}.Release|Any CPU.ActiveCfg = Release|Any CPU
		{A94228D8-2BD0-4F2D-B5F2-BF91D993DE42}.Release|Any CPU.Build.0 = Release|Any CPU
		{B465C956-6676-4CA6-836A-CE599D16F562}.Debug|Any CPU.ActiveCfg = Debug|Any CPU
		{B465C956-6676-4CA6-836A-CE599D16F562}.Debug|Any CPU.Build.0 = Debug|Any CPU
		{B465C956-6676-4CA6-836A-CE599D16F562}.Release|Any CPU.ActiveCfg = Release|Any CPU
		{B465C956-6676-4CA6-836A-CE599D16F562}.Release|Any CPU.Build.0 = Release|Any CPU
	EndGlobalSection
	GlobalSection(SolutionProperties) = preSolution
		HideSolutionNode = FALSE
	EndGlobalSection
	GlobalSection(ExtensibilityGlobals) = postSolution
		SolutionGuid = {E097C289-6821-4A3C-B205-B71049C29E2D}
	EndGlobalSection
EndGlobal
