
Microsoft Visual Studio Solution File, Format Version 12.00
# Visual Studio Version 17
VisualStudioVersion = 17.5.2.0
MinimumVisualStudioVersion = 10.0.40219.1
Project("{FAE04EC0-301F-11D3-BF4B-00C04F79EFBC}") = "Nabster.Chat.Functions", "Nabster.Chat.Functions\Nabster.Chat.Functions.csproj", "{B465C956-6676-4CA6-836A-CE599D16F562}"
EndProject
Project("{FAE04EC0-301F-11D3-BF4B-00C04F79EFBC}") = "Nabster.Reporting", "Nabster.Reporting\Nabster.Reporting.csproj", "{9B3E4FF4-C95F-4684-8416-839ED52D7AE5}"
EndProject
Project("{FAE04EC0-301F-11D3-BF4B-00C04F79EFBC}") = "Nabster.Chat", "Nabster.Chat\Nabster.Chat.csproj", "{D3573200-6A59-454C-922A-B47C1742C2FC}"
EndProject
Project("{FAE04EC0-301F-11D3-BF4B-00C04F79EFBC}") = "Nabster.Cli", "Nabster.Cli\Nabster.Cli.csproj", "{B4E9BD42-738C-4787-8F38-A3CBB11A7B5F}"
EndProject
Project("{FAE04EC0-301F-11D3-BF4B-00C04F79EFBC}") = "Nabster.Mcp", "Nabster.Mcp\Nabster.Mcp.csproj", "{9E299C25-DC86-44E0-BE17-44FEF8DAE7CD}"
EndProject
Global
	GlobalSection(SolutionConfigurationPlatforms) = preSolution
		Debug|Any CPU = Debug|Any CPU
		Debug|x64 = Debug|x64
		Debug|x86 = Debug|x86
		Release|Any CPU = Release|Any CPU
		Release|x64 = Release|x64
		Release|x86 = Release|x86
	EndGlobalSection
	GlobalSection(ProjectConfigurationPlatforms) = postSolution
		{B465C956-6676-4CA6-836A-CE599D16F562}.Debug|Any CPU.ActiveCfg = Debug|Any CPU
		{B465C956-6676-4CA6-836A-CE599D16F562}.Debug|Any CPU.Build.0 = Debug|Any CPU
		{B465C956-6676-4CA6-836A-CE599D16F562}.Debug|x64.ActiveCfg = Debug|Any CPU
		{B465C956-6676-4CA6-836A-CE599D16F562}.Debug|x64.Build.0 = Debug|Any CPU
		{B465C956-6676-4CA6-836A-CE599D16F562}.Debug|x86.ActiveCfg = Debug|Any CPU
		{B465C956-6676-4CA6-836A-CE599D16F562}.Debug|x86.Build.0 = Debug|Any CPU
		{B465C956-6676-4CA6-836A-CE599D16F562}.Release|Any CPU.ActiveCfg = Release|Any CPU
		{B465C956-6676-4CA6-836A-CE599D16F562}.Release|Any CPU.Build.0 = Release|Any CPU
		{B465C956-6676-4CA6-836A-CE599D16F562}.Release|x64.ActiveCfg = Release|Any CPU
		{B465C956-6676-4CA6-836A-CE599D16F562}.Release|x64.Build.0 = Release|Any CPU
		{B465C956-6676-4CA6-836A-CE599D16F562}.Release|x86.ActiveCfg = Release|Any CPU
		{B465C956-6676-4CA6-836A-CE599D16F562}.Release|x86.Build.0 = Release|Any CPU
		{9B3E4FF4-C95F-4684-8416-839ED52D7AE5}.Debug|Any CPU.ActiveCfg = Debug|Any CPU
		{9B3E4FF4-C95F-4684-8416-839ED52D7AE5}.Debug|Any CPU.Build.0 = Debug|Any CPU
		{9B3E4FF4-C95F-4684-8416-839ED52D7AE5}.Debug|x64.ActiveCfg = Debug|Any CPU
		{9B3E4FF4-C95F-4684-8416-839ED52D7AE5}.Debug|x64.Build.0 = Debug|Any CPU
		{9B3E4FF4-C95F-4684-8416-839ED52D7AE5}.Debug|x86.ActiveCfg = Debug|Any CPU
		{9B3E4FF4-C95F-4684-8416-839ED52D7AE5}.Debug|x86.Build.0 = Debug|Any CPU
		{9B3E4FF4-C95F-4684-8416-839ED52D7AE5}.Release|Any CPU.ActiveCfg = Release|Any CPU
		{9B3E4FF4-C95F-4684-8416-839ED52D7AE5}.Release|Any CPU.Build.0 = Release|Any CPU
		{9B3E4FF4-C95F-4684-8416-839ED52D7AE5}.Release|x64.ActiveCfg = Release|Any CPU
		{9B3E4FF4-C95F-4684-8416-839ED52D7AE5}.Release|x64.Build.0 = Release|Any CPU
		{9B3E4FF4-C95F-4684-8416-839ED52D7AE5}.Release|x86.ActiveCfg = Release|Any CPU
		{9B3E4FF4-C95F-4684-8416-839ED52D7AE5}.Release|x86.Build.0 = Release|Any CPU
		{D3573200-6A59-454C-922A-B47C1742C2FC}.Debug|Any CPU.ActiveCfg = Debug|Any CPU
		{D3573200-6A59-454C-922A-B47C1742C2FC}.Debug|Any CPU.Build.0 = Debug|Any CPU
		{D3573200-6A59-454C-922A-B47C1742C2FC}.Debug|x64.ActiveCfg = Debug|Any CPU
		{D3573200-6A59-454C-922A-B47C1742C2FC}.Debug|x64.Build.0 = Debug|Any CPU
		{D3573200-6A59-454C-922A-B47C1742C2FC}.Debug|x86.ActiveCfg = Debug|Any CPU
		{D3573200-6A59-454C-922A-B47C1742C2FC}.Debug|x86.Build.0 = Debug|Any CPU
		{D3573200-6A59-454C-922A-B47C1742C2FC}.Release|Any CPU.ActiveCfg = Release|Any CPU
		{D3573200-6A59-454C-922A-B47C1742C2FC}.Release|Any CPU.Build.0 = Release|Any CPU
		{D3573200-6A59-454C-922A-B47C1742C2FC}.Release|x64.ActiveCfg = Release|Any CPU
		{D3573200-6A59-454C-922A-B47C1742C2FC}.Release|x64.Build.0 = Release|Any CPU
		{D3573200-6A59-454C-922A-B47C1742C2FC}.Release|x86.ActiveCfg = Release|Any CPU
		{D3573200-6A59-454C-922A-B47C1742C2FC}.Release|x86.Build.0 = Release|Any CPU
		{B4E9BD42-738C-4787-8F38-A3CBB11A7B5F}.Debug|Any CPU.ActiveCfg = Debug|Any CPU
		{B4E9BD42-738C-4787-8F38-A3CBB11A7B5F}.Debug|Any CPU.Build.0 = Debug|Any CPU
		{B4E9BD42-738C-4787-8F38-A3CBB11A7B5F}.Debug|x64.ActiveCfg = Debug|Any CPU
		{B4E9BD42-738C-4787-8F38-A3CBB11A7B5F}.Debug|x64.Build.0 = Debug|Any CPU
		{B4E9BD42-738C-4787-8F38-A3CBB11A7B5F}.Debug|x86.ActiveCfg = Debug|Any CPU
		{B4E9BD42-738C-4787-8F38-A3CBB11A7B5F}.Debug|x86.Build.0 = Debug|Any CPU
		{B4E9BD42-738C-4787-8F38-A3CBB11A7B5F}.Release|Any CPU.ActiveCfg = Release|Any CPU
		{B4E9BD42-738C-4787-8F38-A3CBB11A7B5F}.Release|Any CPU.Build.0 = Release|Any CPU
		{B4E9BD42-738C-4787-8F38-A3CBB11A7B5F}.Release|x64.ActiveCfg = Release|Any CPU
		{B4E9BD42-738C-4787-8F38-A3CBB11A7B5F}.Release|x64.Build.0 = Release|Any CPU
		{B4E9BD42-738C-4787-8F38-A3CBB11A7B5F}.Release|x86.ActiveCfg = Release|Any CPU
		{B4E9BD42-738C-4787-8F38-A3CBB11A7B5F}.Release|x86.Build.0 = Release|Any CPU
		{9E299C25-DC86-44E0-BE17-44FEF8DAE7CD}.Debug|Any CPU.ActiveCfg = Debug|Any CPU
		{9E299C25-DC86-44E0-BE17-44FEF8DAE7CD}.Debug|Any CPU.Build.0 = Debug|Any CPU
		{9E299C25-DC86-44E0-BE17-44FEF8DAE7CD}.Debug|x64.ActiveCfg = Debug|Any CPU
		{9E299C25-DC86-44E0-BE17-44FEF8DAE7CD}.Debug|x64.Build.0 = Debug|Any CPU
		{9E299C25-DC86-44E0-BE17-44FEF8DAE7CD}.Debug|x86.ActiveCfg = Debug|Any CPU
		{9E299C25-DC86-44E0-BE17-44FEF8DAE7CD}.Debug|x86.Build.0 = Debug|Any CPU
		{9E299C25-DC86-44E0-BE17-44FEF8DAE7CD}.Release|Any CPU.ActiveCfg = Release|Any CPU
		{9E299C25-DC86-44E0-BE17-44FEF8DAE7CD}.Release|Any CPU.Build.0 = Release|Any CPU
		{9E299C25-DC86-44E0-BE17-44FEF8DAE7CD}.Release|x64.ActiveCfg = Release|Any CPU
		{9E299C25-DC86-44E0-BE17-44FEF8DAE7CD}.Release|x64.Build.0 = Release|Any CPU
		{9E299C25-DC86-44E0-BE17-44FEF8DAE7CD}.Release|x86.ActiveCfg = Release|Any CPU
		{9E299C25-DC86-44E0-BE17-44FEF8DAE7CD}.Release|x86.Build.0 = Release|Any CPU
	EndGlobalSection
	GlobalSection(SolutionProperties) = preSolution
		HideSolutionNode = FALSE
	EndGlobalSection
	GlobalSection(ExtensibilityGlobals) = postSolution
		SolutionGuid = {E097C289-6821-4A3C-B205-B71049C29E2D}
	EndGlobalSection
EndGlobal
